
Microsoft Visual Studio Solution File, Format Version 12.00
# Visual Studio 15
Project("{FAE04EC0-301F-11D3-BF4B-00C04F79EFBC}") = "ManyMethods", "ManyMethods\ManyMethods.csproj", "{45CFE392-3650-4215-A12B-C75FC2766E16}"
EndProject
Project("{FAE04EC0-301F-11D3-BF4B-00C04F79EFBC}") = "PigLatin", "PigLatin\PigLatin.csproj", "{D9118DA4-FE71-4C0F-A4C5-AFD8022A1F31}"
EndProject
Project("{FAE04EC0-301F-11D3-BF4B-00C04F79EFBC}") = "RockPaperScissors", "RockPaperScissors\RockPaperScissors.csproj", "{E4879155-99DD-4639-B6E1-1B6A1B7EF62A}"
EndProject
Project("{FAE04EC0-301F-11D3-BF4B-00C04F79EFBC}") = "ticTacToe", "ticTacToe\ticTacToe.csproj", "{D814CF5C-D88E-4570-B2B0-9E9CB01A206F}"
EndProject
Project("{FAE04EC0-301F-11D3-BF4B-00C04F79EFBC}") = "Mastermind", "Mastermind\Mastermind.csproj", "{F1D5D76F-6491-4329-B860-74B683412151}"
EndProject
Project("{FAE04EC0-301F-11D3-BF4B-00C04F79EFBC}") = "Gradebook", "Gradebook\Gradebook.csproj", "{DD28AC65-DC2E-409E-84AB-3FE40425E9D3}"
EndProject
Project("{FAE04EC0-301F-11D3-BF4B-00C04F79EFBC}") = "TowersOfHanoi", "TowersOfHanoi\TowersOfHanoi.csproj", "{C2D3FC0E-194C-449A-8141-7BA856AF4C0E}"
EndProject
Project("{FAE04EC0-301F-11D3-BF4B-00C04F79EFBC}") = "ClassCollections", "ClassCollections\ClassCollections.csproj", "{59D7E27B-EA64-4CCD-824C-B086FB36AB33}"
EndProject
Global
	GlobalSection(SolutionConfigurationPlatforms) = preSolution
		Debug|anycpu = Debug|anycpu
		Release|anycpu = Release|anycpu
	EndGlobalSection
	GlobalSection(ProjectConfigurationPlatforms) = postSolution
		{45CFE392-3650-4215-A12B-C75FC2766E16}.Debug|anycpu.ActiveCfg = Debug|anycpu
		{45CFE392-3650-4215-A12B-C75FC2766E16}.Debug|anycpu.Build.0 = Debug|anycpu
		{45CFE392-3650-4215-A12B-C75FC2766E16}.Release|anycpu.ActiveCfg = Release|anycpu
		{45CFE392-3650-4215-A12B-C75FC2766E16}.Release|anycpu.Build.0 = Release|anycpu
		{D9118DA4-FE71-4C0F-A4C5-AFD8022A1F31}.Debug|anycpu.ActiveCfg = Debug|anycpu
		{D9118DA4-FE71-4C0F-A4C5-AFD8022A1F31}.Debug|anycpu.Build.0 = Debug|anycpu
		{D9118DA4-FE71-4C0F-A4C5-AFD8022A1F31}.Release|anycpu.ActiveCfg = Release|anycpu
		{D9118DA4-FE71-4C0F-A4C5-AFD8022A1F31}.Release|anycpu.Build.0 = Release|anycpu
		{E4879155-99DD-4639-B6E1-1B6A1B7EF62A}.Debug|anycpu.ActiveCfg = Debug|anycpu
		{E4879155-99DD-4639-B6E1-1B6A1B7EF62A}.Debug|anycpu.Build.0 = Debug|anycpu
		{E4879155-99DD-4639-B6E1-1B6A1B7EF62A}.Release|anycpu.ActiveCfg = Release|anycpu
		{E4879155-99DD-4639-B6E1-1B6A1B7EF62A}.Release|anycpu.Build.0 = Release|anycpu
		{D814CF5C-D88E-4570-B2B0-9E9CB01A206F}.Debug|anycpu.ActiveCfg = Debug|anycpu
		{D814CF5C-D88E-4570-B2B0-9E9CB01A206F}.Debug|anycpu.Build.0 = Debug|anycpu
		{D814CF5C-D88E-4570-B2B0-9E9CB01A206F}.Release|anycpu.ActiveCfg = Release|anycpu
		{D814CF5C-D88E-4570-B2B0-9E9CB01A206F}.Release|anycpu.Build.0 = Release|anycpu
		{F1D5D76F-6491-4329-B860-74B683412151}.Debug|anycpu.ActiveCfg = Debug|anycpu
		{F1D5D76F-6491-4329-B860-74B683412151}.Debug|anycpu.Build.0 = Debug|anycpu
		{F1D5D76F-6491-4329-B860-74B683412151}.Release|anycpu.ActiveCfg = Release|anycpu
		{F1D5D76F-6491-4329-B860-74B683412151}.Release|anycpu.Build.0 = Release|anycpu
		{DD28AC65-DC2E-409E-84AB-3FE40425E9D3}.Debug|anycpu.ActiveCfg = Debug|anycpu
		{DD28AC65-DC2E-409E-84AB-3FE40425E9D3}.Debug|anycpu.Build.0 = Debug|anycpu
		{DD28AC65-DC2E-409E-84AB-3FE40425E9D3}.Release|anycpu.ActiveCfg = Release|anycpu
		{DD28AC65-DC2E-409E-84AB-3FE40425E9D3}.Release|anycpu.Build.0 = Release|anycpu
		{C2D3FC0E-194C-449A-8141-7BA856AF4C0E}.Debug|anycpu.ActiveCfg = Debug|anycpu
		{C2D3FC0E-194C-449A-8141-7BA856AF4C0E}.Debug|anycpu.Build.0 = Debug|anycpu
		{C2D3FC0E-194C-449A-8141-7BA856AF4C0E}.Release|anycpu.ActiveCfg = Release|anycpu
		{C2D3FC0E-194C-449A-8141-7BA856AF4C0E}.Release|anycpu.Build.0 = Release|anycpu
		{59D7E27B-EA64-4CCD-824C-B086FB36AB33}.Debug|anycpu.ActiveCfg = Debug|anycpu
		{59D7E27B-EA64-4CCD-824C-B086FB36AB33}.Debug|anycpu.Build.0 = Debug|anycpu
		{59D7E27B-EA64-4CCD-824C-B086FB36AB33}.Release|anycpu.ActiveCfg = Release|anycpu
		{59D7E27B-EA64-4CCD-824C-B086FB36AB33}.Release|anycpu.Build.0 = Release|anycpu
	EndGlobalSection
EndGlobal
